
Microsoft Visual Studio Solution File, Format Version 12.00
# Visual Studio Version 16
VisualStudioVersion = 16.0.28803.202
MinimumVisualStudioVersion = 10.0.40219.1
Project("{9A19103F-16F7-4668-BE54-9A1E7A4F7556}") = "SyntaxTreeExample", "SyntaxTreeExample\SyntaxTreeExample.csproj", "{2ACE6FEA-351C-4365-932B-CE0939F799EB}"
EndProject
Project("{9A19103F-16F7-4668-BE54-9A1E7A4F7556}") = "CodeGenerator", "CodeGenerator\CodeGenerator.csproj", "{175C3D6B-C9E0-4987-81B5-DAA0ED04B163}"
EndProject
Project("{9A19103F-16F7-4668-BE54-9A1E7A4F7556}") = "SymbolApiExample", "SymbolApiExample\SymbolApiExample.csproj", "{823FEF54-69E9-46E9-98FE-BE20C0062872}"
EndProject
Global
	GlobalSection(SolutionConfigurationPlatforms) = preSolution
		Debug|Any CPU = Debug|Any CPU
		Release|Any CPU = Release|Any CPU
	EndGlobalSection
	GlobalSection(ProjectConfigurationPlatforms) = postSolution
		{2ACE6FEA-351C-4365-932B-CE0939F799EB}.Debug|Any CPU.ActiveCfg = Debug|Any CPU
		{2ACE6FEA-351C-4365-932B-CE0939F799EB}.Debug|Any CPU.Build.0 = Debug|Any CPU
		{2ACE6FEA-351C-4365-932B-CE0939F799EB}.Release|Any CPU.ActiveCfg = Release|Any CPU
		{2ACE6FEA-351C-4365-932B-CE0939F799EB}.Release|Any CPU.Build.0 = Release|Any CPU
		{175C3D6B-C9E0-4987-81B5-DAA0ED04B163}.Debug|Any CPU.ActiveCfg = Debug|Any CPU
		{175C3D6B-C9E0-4987-81B5-DAA0ED04B163}.Debug|Any CPU.Build.0 = Debug|Any CPU
		{175C3D6B-C9E0-4987-81B5-DAA0ED04B163}.Release|Any CPU.ActiveCfg = Release|Any CPU
		{175C3D6B-C9E0-4987-81B5-DAA0ED04B163}.Release|Any CPU.Build.0 = Release|Any CPU
		{823FEF54-69E9-46E9-98FE-BE20C0062872}.Debug|Any CPU.ActiveCfg = Debug|Any CPU
		{823FEF54-69E9-46E9-98FE-BE20C0062872}.Debug|Any CPU.Build.0 = Debug|Any CPU
		{823FEF54-69E9-46E9-98FE-BE20C0062872}.Release|Any CPU.ActiveCfg = Release|Any CPU
		{823FEF54-69E9-46E9-98FE-BE20C0062872}.Release|Any CPU.Build.0 = Release|Any CPU
	EndGlobalSection
	GlobalSection(SolutionProperties) = preSolution
		HideSolutionNode = FALSE
	EndGlobalSection
	GlobalSection(ExtensibilityGlobals) = postSolution
		SolutionGuid = {15C0B97A-B496-4DB3-B9B5-F8A32657B597}
	EndGlobalSection
EndGlobal
